
Microsoft Visual Studio Solution File, Format Version 12.00
# Visual Studio Version 17
VisualStudioVersion = 17.6.33829.357
MinimumVisualStudioVersion = 10.0.40219.1
Project("{FAE04EC0-301F-11D3-BF4B-00C04F79EFBC}") = "LanchesMac", "LanchesMac\LanchesMac.csproj", "{B0460D18-BE55-496C-96DC-D3A4EBAD1084}"
EndProject
Global
	GlobalSection(SolutionConfigurationPlatforms) = preSolution
		Debug|Any CPU = Debug|Any CPU
		Release|Any CPU = Release|Any CPU
	EndGlobalSection
	GlobalSection(ProjectConfigurationPlatforms) = postSolution
		{B0460D18-BE55-496C-96DC-D3A4EBAD1084}.Debug|Any CPU.ActiveCfg = Debug|Any CPU
		{B0460D18-BE55-496C-96DC-D3A4EBAD1084}.Debug|Any CPU.Build.0 = Debug|Any CPU
		{B0460D18-BE55-496C-96DC-D3A4EBAD1084}.Release|Any CPU.ActiveCfg = Release|Any CPU
		{B0460D18-BE55-496C-96DC-D3A4EBAD1084}.Release|Any CPU.Build.0 = Release|Any CPU
	EndGlobalSection
	GlobalSection(SolutionProperties) = preSolution
		HideSolutionNode = FALSE
	EndGlobalSection
	GlobalSection(ExtensibilityGlobals) = postSolution
		SolutionGuid = {0DD2F5F6-45DD-4F1A-B976-49B8DDBB0777}
	EndGlobalSection
EndGlobal
